
Microsoft Visual Studio Solution File, Format Version 12.00
# Visual Studio 15
VisualStudioVersion = 15.0.27703.2026
MinimumVisualStudioVersion = 10.0.40219.1
Project("{FAE04EC0-301F-11D3-BF4B-00C04F79EFBC}") = "PrimerMvc", "PrimerMvc\PrimerMvc.csproj", "{AA631FAA-8E94-44D4-9C50-8CE0DB82F230}"
EndProject
Project("{FAE04EC0-301F-11D3-BF4B-00C04F79EFBC}") = "PracticasMVC", "PracticasMVC\PracticasMVC.csproj", "{28026CAA-D5A1-4A44-91B3-6258BBEF4707}"
EndProject
Project("{FAE04EC0-301F-11D3-BF4B-00C04F79EFBC}") = "ProyectoDesigne", "ProyectoDesigne\ProyectoDesigne.csproj", "{3C2B7F61-AC6C-4872-9A94-E8585D9E911A}"
EndProject
Project("{FAE04EC0-301F-11D3-BF4B-00C04F79EFBC}") = "ProyectoCompleto", "ProyectoCompleto\ProyectoCompleto.csproj", "{27FF2611-3F16-4FA6-AAD9-5B1BE1E5B734}"
EndProject
Project("{FAE04EC0-301F-11D3-BF4B-00C04F79EFBC}") = "ProyectoNuevoPlantillaCV", "ProyectoNuevo\ProyectoNuevoPlantillaCV.csproj", "{00972225-996B-4C3B-8C37-85D9ACFDFFF6}"
EndProject
Project("{FAE04EC0-301F-11D3-BF4B-00C04F79EFBC}") = "ProyectoMVCReal", "ProyectoMVCReal\ProyectoMVCReal.csproj", "{14FB8AAD-36C5-4FE0-843D-DD457E22F68C}"
EndProject
Project("{FAE04EC0-301F-11D3-BF4B-00C04F79EFBC}") = "ProyectoLinQ", "ProyectoLinQ\ProyectoLinQ.csproj", "{1A6EE06F-7F94-4EDC-B8B2-F229B512BE91}"
EndProject
Project("{FAE04EC0-301F-11D3-BF4B-00C04F79EFBC}") = "ProyectoMVCEF", "ProyectoMVCEF\ProyectoMVCEF.csproj", "{4439A196-951E-47A8-8501-F0DAEA1826B7}"
EndProject
Project("{FAE04EC0-301F-11D3-BF4B-00C04F79EFBC}") = "ConceptosMVC", "ConceptosMVC\ConceptosMVC.csproj", "{9DFA38A0-5EA0-4488-95E7-71AFDEC9BD3B}"
EndProject
Project("{FAE04EC0-301F-11D3-BF4B-00C04F79EFBC}") = "Inyeccion", "Inyeccion\Inyeccion.csproj", "{C3A0EC04-D5F2-48E9-8C35-5709C9419493}"
EndProject
Project("{FAE04EC0-301F-11D3-BF4B-00C04F79EFBC}") = "InyeccionEntity", "InyeccionEntity\InyeccionEntity.csproj", "{D74020F5-5CFF-44F1-A11A-08AFED75E47E}"
EndProject
Project("{FAE04EC0-301F-11D3-BF4B-00C04F79EFBC}") = "PracticaDepartamentos", "PracticaDepartamentos\PracticaDepartamentos.csproj", "{44D553DC-F76A-43A2-B6BD-5E6CFFDE56A1}"
EndProject
Project("{FAE04EC0-301F-11D3-BF4B-00C04F79EFBC}") = "RepositorioHospital", "RepositorioHospital\RepositorioHospital.csproj", "{AD184CEC-F4CB-4B68-AD85-F8D3864B0E40}"
EndProject
Project("{FAE04EC0-301F-11D3-BF4B-00C04F79EFBC}") = "InyeccionBBDD", "InyeccionBBDD\InyeccionBBDD.csproj", "{1EB5A433-16E0-4BCF-9148-DD85846EFA29}"
EndProject
Project("{FAE04EC0-301F-11D3-BF4B-00C04F79EFBC}") = "MVCVentas", "MVCVentas\MVCVentas.csproj", "{009ED8A1-2F32-4C6C-953A-FC8E491E0D0B}"
EndProject
Project("{FAE04EC0-301F-11D3-BF4B-00C04F79EFBC}") = "SeguridadAspnetDb", "SeguridadAspnetDb\SeguridadAspnetDb.csproj", "{333FFC8B-CB5A-46C4-876C-2F9B942BCA3A}"
EndProject
Project("{FAE04EC0-301F-11D3-BF4B-00C04F79EFBC}") = "SeguridadUsuarios", "SeguridadUsuarios\SeguridadUsuarios.csproj", "{7C96D125-BA65-4860-8CF5-1EEAFA3C31BB}"
EndProject
Global
	GlobalSection(SolutionConfigurationPlatforms) = preSolution
		Debug|Any CPU = Debug|Any CPU
		Release|Any CPU = Release|Any CPU
	EndGlobalSection
	GlobalSection(ProjectConfigurationPlatforms) = postSolution
		{AA631FAA-8E94-44D4-9C50-8CE0DB82F230}.Debug|Any CPU.ActiveCfg = Debug|Any CPU
		{AA631FAA-8E94-44D4-9C50-8CE0DB82F230}.Debug|Any CPU.Build.0 = Debug|Any CPU
		{AA631FAA-8E94-44D4-9C50-8CE0DB82F230}.Release|Any CPU.ActiveCfg = Release|Any CPU
		{AA631FAA-8E94-44D4-9C50-8CE0DB82F230}.Release|Any CPU.Build.0 = Release|Any CPU
		{28026CAA-D5A1-4A44-91B3-6258BBEF4707}.Debug|Any CPU.ActiveCfg = Debug|Any CPU
		{28026CAA-D5A1-4A44-91B3-6258BBEF4707}.Debug|Any CPU.Build.0 = Debug|Any CPU
		{28026CAA-D5A1-4A44-91B3-6258BBEF4707}.Release|Any CPU.ActiveCfg = Release|Any CPU
		{28026CAA-D5A1-4A44-91B3-6258BBEF4707}.Release|Any CPU.Build.0 = Release|Any CPU
		{3C2B7F61-AC6C-4872-9A94-E8585D9E911A}.Debug|Any CPU.ActiveCfg = Debug|Any CPU
		{3C2B7F61-AC6C-4872-9A94-E8585D9E911A}.Debug|Any CPU.Build.0 = Debug|Any CPU
		{3C2B7F61-AC6C-4872-9A94-E8585D9E911A}.Release|Any CPU.ActiveCfg = Release|Any CPU
		{3C2B7F61-AC6C-4872-9A94-E8585D9E911A}.Release|Any CPU.Build.0 = Release|Any CPU
		{27FF2611-3F16-4FA6-AAD9-5B1BE1E5B734}.Debug|Any CPU.ActiveCfg = Debug|Any CPU
		{27FF2611-3F16-4FA6-AAD9-5B1BE1E5B734}.Debug|Any CPU.Build.0 = Debug|Any CPU
		{27FF2611-3F16-4FA6-AAD9-5B1BE1E5B734}.Release|Any CPU.ActiveCfg = Release|Any CPU
		{27FF2611-3F16-4FA6-AAD9-5B1BE1E5B734}.Release|Any CPU.Build.0 = Release|Any CPU
		{00972225-996B-4C3B-8C37-85D9ACFDFFF6}.Debug|Any CPU.ActiveCfg = Debug|Any CPU
		{00972225-996B-4C3B-8C37-85D9ACFDFFF6}.Debug|Any CPU.Build.0 = Debug|Any CPU
		{00972225-996B-4C3B-8C37-85D9ACFDFFF6}.Release|Any CPU.ActiveCfg = Release|Any CPU
		{00972225-996B-4C3B-8C37-85D9ACFDFFF6}.Release|Any CPU.Build.0 = Release|Any CPU
		{14FB8AAD-36C5-4FE0-843D-DD457E22F68C}.Debug|Any CPU.ActiveCfg = Debug|Any CPU
		{14FB8AAD-36C5-4FE0-843D-DD457E22F68C}.Debug|Any CPU.Build.0 = Debug|Any CPU
		{14FB8AAD-36C5-4FE0-843D-DD457E22F68C}.Release|Any CPU.ActiveCfg = Release|Any CPU
		{14FB8AAD-36C5-4FE0-843D-DD457E22F68C}.Release|Any CPU.Build.0 = Release|Any CPU
		{1A6EE06F-7F94-4EDC-B8B2-F229B512BE91}.Debug|Any CPU.ActiveCfg = Debug|Any CPU
		{1A6EE06F-7F94-4EDC-B8B2-F229B512BE91}.Debug|Any CPU.Build.0 = Debug|Any CPU
		{1A6EE06F-7F94-4EDC-B8B2-F229B512BE91}.Release|Any CPU.ActiveCfg = Release|Any CPU
		{1A6EE06F-7F94-4EDC-B8B2-F229B512BE91}.Release|Any CPU.Build.0 = Release|Any CPU
		{4439A196-951E-47A8-8501-F0DAEA1826B7}.Debug|Any CPU.ActiveCfg = Debug|Any CPU
		{4439A196-951E-47A8-8501-F0DAEA1826B7}.Debug|Any CPU.Build.0 = Debug|Any CPU
		{4439A196-951E-47A8-8501-F0DAEA1826B7}.Release|Any CPU.ActiveCfg = Release|Any CPU
		{4439A196-951E-47A8-8501-F0DAEA1826B7}.Release|Any CPU.Build.0 = Release|Any CPU
		{9DFA38A0-5EA0-4488-95E7-71AFDEC9BD3B}.Debug|Any CPU.ActiveCfg = Debug|Any CPU
		{9DFA38A0-5EA0-4488-95E7-71AFDEC9BD3B}.Debug|Any CPU.Build.0 = Debug|Any CPU
		{9DFA38A0-5EA0-4488-95E7-71AFDEC9BD3B}.Release|Any CPU.ActiveCfg = Release|Any CPU
		{9DFA38A0-5EA0-4488-95E7-71AFDEC9BD3B}.Release|Any CPU.Build.0 = Release|Any CPU
		{C3A0EC04-D5F2-48E9-8C35-5709C9419493}.Debug|Any CPU.ActiveCfg = Debug|Any CPU
		{C3A0EC04-D5F2-48E9-8C35-5709C9419493}.Debug|Any CPU.Build.0 = Debug|Any CPU
		{C3A0EC04-D5F2-48E9-8C35-5709C9419493}.Release|Any CPU.ActiveCfg = Release|Any CPU
		{C3A0EC04-D5F2-48E9-8C35-5709C9419493}.Release|Any CPU.Build.0 = Release|Any CPU
		{D74020F5-5CFF-44F1-A11A-08AFED75E47E}.Debug|Any CPU.ActiveCfg = Debug|Any CPU
		{D74020F5-5CFF-44F1-A11A-08AFED75E47E}.Debug|Any CPU.Build.0 = Debug|Any CPU
		{D74020F5-5CFF-44F1-A11A-08AFED75E47E}.Release|Any CPU.ActiveCfg = Release|Any CPU
		{D74020F5-5CFF-44F1-A11A-08AFED75E47E}.Release|Any CPU.Build.0 = Release|Any CPU
		{44D553DC-F76A-43A2-B6BD-5E6CFFDE56A1}.Debug|Any CPU.ActiveCfg = Debug|Any CPU
		{44D553DC-F76A-43A2-B6BD-5E6CFFDE56A1}.Debug|Any CPU.Build.0 = Debug|Any CPU
		{44D553DC-F76A-43A2-B6BD-5E6CFFDE56A1}.Release|Any CPU.ActiveCfg = Release|Any CPU
		{44D553DC-F76A-43A2-B6BD-5E6CFFDE56A1}.Release|Any CPU.Build.0 = Release|Any CPU
		{AD184CEC-F4CB-4B68-AD85-F8D3864B0E40}.Debug|Any CPU.ActiveCfg = Debug|Any CPU
		{AD184CEC-F4CB-4B68-AD85-F8D3864B0E40}.Debug|Any CPU.Build.0 = Debug|Any CPU
		{AD184CEC-F4CB-4B68-AD85-F8D3864B0E40}.Release|Any CPU.ActiveCfg = Release|Any CPU
		{AD184CEC-F4CB-4B68-AD85-F8D3864B0E40}.Release|Any CPU.Build.0 = Release|Any CPU
		{1EB5A433-16E0-4BCF-9148-DD85846EFA29}.Debug|Any CPU.ActiveCfg = Debug|Any CPU
		{1EB5A433-16E0-4BCF-9148-DD85846EFA29}.Debug|Any CPU.Build.0 = Debug|Any CPU
		{1EB5A433-16E0-4BCF-9148-DD85846EFA29}.Release|Any CPU.ActiveCfg = Release|Any CPU
		{1EB5A433-16E0-4BCF-9148-DD85846EFA29}.Release|Any CPU.Build.0 = Release|Any CPU
		{009ED8A1-2F32-4C6C-953A-FC8E491E0D0B}.Debug|Any CPU.ActiveCfg = Debug|Any CPU
		{009ED8A1-2F32-4C6C-953A-FC8E491E0D0B}.Debug|Any CPU.Build.0 = Debug|Any CPU
		{009ED8A1-2F32-4C6C-953A-FC8E491E0D0B}.Release|Any CPU.ActiveCfg = Release|Any CPU
		{009ED8A1-2F32-4C6C-953A-FC8E491E0D0B}.Release|Any CPU.Build.0 = Release|Any CPU
		{333FFC8B-CB5A-46C4-876C-2F9B942BCA3A}.Debug|Any CPU.ActiveCfg = Debug|Any CPU
		{333FFC8B-CB5A-46C4-876C-2F9B942BCA3A}.Debug|Any CPU.Build.0 = Debug|Any CPU
		{333FFC8B-CB5A-46C4-876C-2F9B942BCA3A}.Release|Any CPU.ActiveCfg = Release|Any CPU
		{333FFC8B-CB5A-46C4-876C-2F9B942BCA3A}.Release|Any CPU.Build.0 = Release|Any CPU
		{7C96D125-BA65-4860-8CF5-1EEAFA3C31BB}.Debug|Any CPU.ActiveCfg = Debug|Any CPU
		{7C96D125-BA65-4860-8CF5-1EEAFA3C31BB}.Debug|Any CPU.Build.0 = Debug|Any CPU
		{7C96D125-BA65-4860-8CF5-1EEAFA3C31BB}.Release|Any CPU.ActiveCfg = Release|Any CPU
		{7C96D125-BA65-4860-8CF5-1EEAFA3C31BB}.Release|Any CPU.Build.0 = Release|Any CPU
	EndGlobalSection
	GlobalSection(SolutionProperties) = preSolution
		HideSolutionNode = FALSE
	EndGlobalSection
	GlobalSection(ExtensibilityGlobals) = postSolution
		SolutionGuid = {98CA6C2E-E564-4E90-8C7F-8B80577F6265}
	EndGlobalSection
EndGlobal
